// !$*UTF8*$!
{
	archiveVersion = 1;
	classes = {
	};
	objectVersion = 46;
	objects = {

/* Begin PBXBuildFile section */
		A2F6E27E1A149E32000004F6 /* 123.png in Resources */ = {isa = PBXBuildFile; fileRef = A2F6E27D1A149E32000004F6 /* 123.png */; };
		A2F76DE61A133DD0000EC4FE /* speed2@2x.png in Resources */ = {isa = PBXBuildFile; fileRef = A2F76DE51A133DD0000EC4FE /* speed2@2x.png */; };
		A2F76DE81A133F19000EC4FE /* touxiang.jpg in Resources */ = {isa = PBXBuildFile; fileRef = A2F76DE71A133F19000EC4FE /* touxiang.jpg */; };
		A2F76DEB1A13412D000EC4FE /* 04@2x.png in Resources */ = {isa = PBXBuildFile; fileRef = A2F76DE91A13412D000EC4FE /* 04@2x.png */; };
		A2F76DEC1A13412D000EC4FE /* 05@2x.png in Resources */ = {isa = PBXBuildFile; fileRef = A2F76DEA1A13412D000EC4FE /* 05@2x.png */; };
		A2F76DEE1A134965000EC4FE /* f3d3572c11dfa9ecb7b6891560d0f703918fc11c.jpg in Resources */ = {isa = PBXBuildFile; fileRef = A2F76DED1A134965000EC4FE /* f3d3572c11dfa9ecb7b6891560d0f703918fc11c.jpg */; };
		A2F76DF01A134D5D000EC4FE /* angelatouxiang.jpg in Resources */ = {isa = PBXBuildFile; fileRef = A2F76DEF1A134D5D000EC4FE /* angelatouxiang.jpg */; };
		A2F76DF21A134EA8000EC4FE /* 27-080500_146.jpg in Resources */ = {isa = PBXBuildFile; fileRef = A2F76DF11A134EA8000EC4FE /* 27-080500_146.jpg */; };
		A2F76DF41A1350D7000EC4FE /* logpswBack.png in Resources */ = {isa = PBXBuildFile; fileRef = A2F76DF31A1350D7000EC4FE /* logpswBack.png */; };
		A2F76DFF1A135F4E000EC4FE /* ScreenShot.m in Sources */ = {isa = PBXBuildFile; fileRef = A2F76DFC1A135F4E000EC4FE /* ScreenShot.m */; };
		A2F76E001A135F4E000EC4FE /* UIImage+BlurGlass.m in Sources */ = {isa = PBXBuildFile; fileRef = A2F76DFE1A135F4E000EC4FE /* UIImage+BlurGlass.m */; };
		A2FD332E1A1335FD009B63FB /* main.m in Sources */ = {isa = PBXBuildFile; fileRef = A2FD332D1A1335FD009B63FB /* main.m */; };
		A2FD33311A1335FD009B63FB /* AppDelegate.m in Sources */ = {isa = PBXBuildFile; fileRef = A2FD33301A1335FD009B63FB /* AppDelegate.m */; };
		A2FD33341A1335FD009B63FB /* ViewController.m in Sources */ = {isa = PBXBuildFile; fileRef = A2FD33331A1335FD009B63FB /* ViewController.m */; };
		A2FD33371A1335FD009B63FB /* Main.storyboard in Resources */ = {isa = PBXBuildFile; fileRef = A2FD33351A1335FD009B63FB /* Main.storyboard */; };
		A2FD33391A1335FD009B63FB /* Images.xcassets in Resources */ = {isa = PBXBuildFile; fileRef = A2FD33381A1335FD009B63FB /* Images.xcassets */; };
		A2FD333C1A1335FD009B63FB /* LaunchScreen.xib in Resources */ = {isa = PBXBuildFile; fileRef = A2FD333A1A1335FD009B63FB /* LaunchScreen.xib */; };
		A2FD33481A1335FD009B63FB /* _____Tests.m in Sources */ = {isa = PBXBuildFile; fileRef = A2FD33471A1335FD009B63FB /* _____Tests.m */; };
/* End PBXBuildFile section */

/* Begin PBXContainerItemProxy section */
		A2FD33421A1335FD009B63FB /* PBXContainerItemProxy */ = {
			isa = PBXContainerItemProxy;
			containerPortal = A2FD33201A1335FD009B63FB /* Project object */;
			proxyType = 1;
			remoteGlobalIDString = A2FD33271A1335FD009B63FB;
			remoteInfo = "弹出登陆框";
		};
/* End PBXContainerItemProxy section */

/* Begin PBXFileReference section */
		A2F6E27D1A149E32000004F6 /* 123.png */ = {isa = PBXFileReference; lastKnownFileType = image.png; path = 123.png; sourceTree = "<group>"; };
		A2F76DE51A133DD0000EC4FE /* speed2@2x.png */ = {isa = PBXFileReference; lastKnownFileType = image.png; path = "speed2@2x.png"; sourceTree = "<group>"; };
		A2F76DE71A133F19000EC4FE /* touxiang.jpg */ = {isa = PBXFileReference; lastKnownFileType = image.jpeg; path = touxiang.jpg; sourceTree = "<group>"; };
		A2F76DE91A13412D000EC4FE /* 04@2x.png */ = {isa = PBXFileReference; lastKnownFileType = image.png; path = "04@2x.png"; sourceTree = "<group>"; };
		A2F76DEA1A13412D000EC4FE /* 05@2x.png */ = {isa = PBXFileReference; lastKnownFileType = image.png; path = "05@2x.png"; sourceTree = "<group>"; };
		A2F76DED1A134965000EC4FE /* f3d3572c11dfa9ecb7b6891560d0f703918fc11c.jpg */ = {isa = PBXFileReference; lastKnownFileType = image.jpeg; path = f3d3572c11dfa9ecb7b6891560d0f703918fc11c.jpg; sourceTree = "<group>"; };
		A2F76DEF1A134D5D000EC4FE /* angelatouxiang.jpg */ = {isa = PBXFileReference; lastKnownFileType = image.jpeg; path = angelatouxiang.jpg; sourceTree = "<group>"; };
		A2F76DF11A134EA8000EC4FE /* 27-080500_146.jpg */ = {isa = PBXFileReference; lastKnownFileType = image.jpeg; path = "27-080500_146.jpg"; sourceTree = "<group>"; };
		A2F76DF31A1350D7000EC4FE /* logpswBack.png */ = {isa = PBXFileReference; lastKnownFileType = image.png; path = logpswBack.png; sourceTree = "<group>"; };
		A2F76DFB1A135F4E000EC4FE /* ScreenShot.h */ = {isa = PBXFileReference; fileEncoding = 4; lastKnownFileType = sourcecode.c.h; path = ScreenShot.h; sourceTree = "<group>"; };
		A2F76DFC1A135F4E000EC4FE /* ScreenShot.m */ = {isa = PBXFileReference; fileEncoding = 4; lastKnownFileType = sourcecode.c.objc; path = ScreenShot.m; sourceTree = "<group>"; };
		A2F76DFD1A135F4E000EC4FE /* UIImage+BlurGlass.h */ = {isa = PBXFileReference; fileEncoding = 4; lastKnownFileType = sourcecode.c.h; path = "UIImage+BlurGlass.h"; sourceTree = "<group>"; };
		A2F76DFE1A135F4E000EC4FE /* UIImage+BlurGlass.m */ = {isa = PBXFileReference; fileEncoding = 4; lastKnownFileType = sourcecode.c.objc; path = "UIImage+BlurGlass.m"; sourceTree = "<group>"; };
		A2FD33281A1335FD009B63FB /* 弹出登陆框.app */ = {isa = PBXFileReference; explicitFileType = wrapper.application; includeInIndex = 0; path = "弹出登陆框.app"; sourceTree = BUILT_PRODUCTS_DIR; };
		A2FD332C1A1335FD009B63FB /* Info.plist */ = {isa = PBXFileReference; lastKnownFileType = text.plist.xml; path = Info.plist; sourceTree = "<group>"; };
		A2FD332D1A1335FD009B63FB /* main.m */ = {isa = PBXFileReference; lastKnownFileType = sourcecode.c.objc; path = main.m; sourceTree = "<group>"; };
		A2FD332F1A1335FD009B63FB /* AppDelegate.h */ = {isa = PBXFileReference; lastKnownFileType = sourcecode.c.h; path = AppDelegate.h; sourceTree = "<group>"; };
		A2FD33301A1335FD009B63FB /* AppDelegate.m */ = {isa = PBXFileReference; lastKnownFileType = sourcecode.c.objc; path = AppDelegate.m; sourceTree = "<group>"; };
		A2FD33321A1335FD009B63FB /* ViewController.h */ = {isa = PBXFileReference; lastKnownFileType = sourcecode.c.h; path = ViewController.h; sourceTree = "<group>"; };
		A2FD33331A1335FD009B63FB /* ViewController.m */ = {isa = PBXFileReference; lastKnownFileType = sourcecode.c.objc; path = ViewController.m; sourceTree = "<group>"; };
		A2FD33361A1335FD009B63FB /* Base */ = {isa = PBXFileReference; lastKnownFileType = file.storyboard; name = Base; path = Base.lproj/Main.storyboard; sourceTree = "<group>"; };
		A2FD33381A1335FD009B63FB /* Images.xcassets */ = {isa = PBXFileReference; lastKnownFileType = folder.assetcatalog; path = Images.xcassets; sourceTree = "<group>"; };
		A2FD333B1A1335FD009B63FB /* Base */ = {isa = PBXFileReference; lastKnownFileType = file.xib; name = Base; path = Base.lproj/LaunchScreen.xib; sourceTree = "<group>"; };
		A2FD33411A1335FD009B63FB /* 弹出登陆框Tests.xctest */ = {isa = PBXFileReference; explicitFileType = wrapper.cfbundle; includeInIndex = 0; path = "弹出登陆框Tests.xctest"; sourceTree = BUILT_PRODUCTS_DIR; };
		A2FD33461A1335FD009B63FB /* Info.plist */ = {isa = PBXFileReference; lastKnownFileType = text.plist.xml; path = Info.plist; sourceTree = "<group>"; };
		A2FD33471A1335FD009B63FB /* _____Tests.m */ = {isa = PBXFileReference; lastKnownFileType = sourcecode.c.objc; path = "_____Tests.m"; sourceTree = "<group>"; };
/* End PBXFileReference section */

/* Begin PBXFrameworksBuildPhase section */
		A2FD33251A1335FD009B63FB /* Frameworks */ = {
			isa = PBXFrameworksBuildPhase;
			buildActionMask = 2147483647;
			files = (
			);
			runOnlyForDeploymentPostprocessing = 0;
		};
		A2FD333E1A1335FD009B63FB /* Frameworks */ = {
			isa = PBXFrameworksBuildPhase;
			buildActionMask = 2147483647;
			files = (
			);
			runOnlyForDeploymentPostprocessing = 0;
		};
/* End PBXFrameworksBuildPhase section */

/* Begin PBXGroup section */
		A2F6E27B1A148BE6000004F6 /* Resources */ = {
			isa = PBXGroup;
			children = (
				A2F6E27D1A149E32000004F6 /* 123.png */,
				A2F76DF31A1350D7000EC4FE /* logpswBack.png */,
				A2F76DF11A134EA8000EC4FE /* 27-080500_146.jpg */,
				A2F76DEF1A134D5D000EC4FE /* angelatouxiang.jpg */,
				A2F76DED1A134965000EC4FE /* f3d3572c11dfa9ecb7b6891560d0f703918fc11c.jpg */,
				A2F76DE51A133DD0000EC4FE /* speed2@2x.png */,
				A2F76DE71A133F19000EC4FE /* touxiang.jpg */,
				A2F76DE91A13412D000EC4FE /* 04@2x.png */,
				A2F76DEA1A13412D000EC4FE /* 05@2x.png */,
			);
			name = Resources;
			sourceTree = "<group>";
		};
		A2F6E27C1A148BFE000004F6 /* 截屏、毛玻璃相关 */ = {
			isa = PBXGroup;
			children = (
				A2F76DFB1A135F4E000EC4FE /* ScreenShot.h */,
				A2F76DFC1A135F4E000EC4FE /* ScreenShot.m */,
				A2F76DFD1A135F4E000EC4FE /* UIImage+BlurGlass.h */,
				A2F76DFE1A135F4E000EC4FE /* UIImage+BlurGlass.m */,
			);
			name = "截屏、毛玻璃相关";
			sourceTree = "<group>";
		};
		A2FD331F1A1335FD009B63FB = {
			isa = PBXGroup;
			children = (
				A2FD332A1A1335FD009B63FB /* 弹出登陆框 */,
				A2FD33441A1335FD009B63FB /* 弹出登陆框Tests */,
				A2FD33291A1335FD009B63FB /* Products */,
			);
			sourceTree = "<group>";
		};
		A2FD33291A1335FD009B63FB /* Products */ = {
			isa = PBXGroup;
			children = (
				A2FD33281A1335FD009B63FB /* 弹出登陆框.app */,
				A2FD33411A1335FD009B63FB /* 弹出登陆框Tests.xctest */,
			);
			name = Products;
			sourceTree = "<group>";
		};
		A2FD332A1A1335FD009B63FB /* 弹出登陆框 */ = {
			isa = PBXGroup;
			children = (
				A2F6E27C1A148BFE000004F6 /* 截屏、毛玻璃相关 */,
				A2F6E27B1A148BE6000004F6 /* Resources */,
				A2FD33321A1335FD009B63FB /* ViewController.h */,
				A2FD33331A1335FD009B63FB /* ViewController.m */,
				A2FD33351A1335FD009B63FB /* Main.storyboard */,
				A2FD332B1A1335FD009B63FB /* Supporting Files */,
			);
			path = "弹出登陆框";
			sourceTree = "<group>";
		};
		A2FD332B1A1335FD009B63FB /* Supporting Files */ = {
			isa = PBXGroup;
			children = (
				A2FD332F1A1335FD009B63FB /* AppDelegate.h */,
				A2FD33301A1335FD009B63FB /* AppDelegate.m */,
				A2FD33381A1335FD009B63FB /* Images.xcassets */,
				A2FD333A1A1335FD009B63FB /* LaunchScreen.xib */,
				A2FD332C1A1335FD009B63FB /* Info.plist */,
				A2FD332D1A1335FD009B63FB /* main.m */,
			);
			name = "Supporting Files";
			sourceTree = "<group>";
		};
		A2FD33441A1335FD009B63FB /* 弹出登陆框Tests */ = {
			isa = PBXGroup;
			children = (
				A2FD33471A1335FD009B63FB /* _____Tests.m */,
				A2FD33451A1335FD009B63FB /* Supporting Files */,
			);
			path = "弹出登陆框Tests";
			sourceTree = "<group>";
		};
		A2FD33451A1335FD009B63FB /* Supporting Files */ = {
			isa = PBXGroup;
			children = (
				A2FD33461A1335FD009B63FB /* Info.plist */,
			);
			name = "Supporting Files";
			sourceTree = "<group>";
		};
/* End PBXGroup section */

/* Begin PBXNativeTarget section */
		A2FD33271A1335FD009B63FB /* 弹出登陆框 */ = {
			isa = PBXNativeTarget;
			buildConfigurationList = A2FD334B1A1335FD009B63FB /* Build configuration list for PBXNativeTarget "弹出登陆框" */;
			buildPhases = (
				A2FD33241A1335FD009B63FB /* Sources */,
				A2FD33251A1335FD009B63FB /* Frameworks */,
				A2FD33261A1335FD009B63FB /* Resources */,
			);
			buildRules = (
			);
			dependencies = (
			);
			name = "弹出登陆框";
			productName = "弹出登陆框";
			productReference = A2FD33281A1335FD009B63FB /* 弹出登陆框.app */;
			productType = "com.apple.product-type.application";
		};
		A2FD33401A1335FD009B63FB /* 弹出登陆框Tests */ = {
			isa = PBXNativeTarget;
			buildConfigurationList = A2FD334E1A1335FD009B63FB /* Build configuration list for PBXNativeTarget "弹出登陆框Tests" */;
			buildPhases = (
				A2FD333D1A1335FD009B63FB /* Sources */,
				A2FD333E1A1335FD009B63FB /* Frameworks */,
				A2FD333F1A1335FD009B63FB /* Resources */,
			);
			buildRules = (
			);
			dependencies = (
				A2FD33431A1335FD009B63FB /* PBXTargetDependency */,
			);
			name = "弹出登陆框Tests";
			productName = "弹出登陆框Tests";
			productReference = A2FD33411A1335FD009B63FB /* 弹出登陆框Tests.xctest */;
			productType = "com.apple.product-type.bundle.unit-test";
		};
/* End PBXNativeTarget section */

/* Begin PBXProject section */
		A2FD33201A1335FD009B63FB /* Project object */ = {
			isa = PBXProject;
			attributes = {
				LastUpgradeCheck = 0600;
				ORGANIZATIONNAME = Fangdr;
				TargetAttributes = {
					A2FD33271A1335FD009B63FB = {
						CreatedOnToolsVersion = 6.0.1;
					};
					A2FD33401A1335FD009B63FB = {
						CreatedOnToolsVersion = 6.0.1;
						TestTargetID = A2FD33271A1335FD009B63FB;
					};
				};
			};
			buildConfigurationList = A2FD33231A1335FD009B63FB /* Build configuration list for PBXProject "弹出登陆框" */;
			compatibilityVersion = "Xcode 3.2";
			developmentRegion = English;
			hasScannedForEncodings = 0;
			knownRegions = (
				en,
				Base,
			);
			mainGroup = A2FD331F1A1335FD009B63FB;
			productRefGroup = A2FD33291A1335FD009B63FB /* Products */;
			projectDirPath = "";
			projectRoot = "";
			targets = (
				A2FD33271A1335FD009B63FB /* 弹出登陆框 */,
				A2FD33401A1335FD009B63FB /* 弹出登陆框Tests */,
			);
		};
/* End PBXProject section */

/* Begin PBXResourcesBuildPhase section */
		A2FD33261A1335FD009B63FB /* Resources */ = {
			isa = PBXResourcesBuildPhase;
			buildActionMask = 2147483647;
			files = (
				A2F6E27E1A149E32000004F6 /* 123.png in Resources */,
				A2F76DEB1A13412D000EC4FE /* 04@2x.png in Resources */,
				A2F76DF01A134D5D000EC4FE /* angelatouxiang.jpg in Resources */,
				A2FD33371A1335FD009B63FB /* Main.storyboard in Resources */,
				A2F76DE61A133DD0000EC4FE /* speed2@2x.png in Resources */,
				A2F76DF41A1350D7000EC4FE /* logpswBack.png in Resources */,
				A2F76DEC1A13412D000EC4FE /* 05@2x.png in Resources */,
				A2F76DF21A134EA8000EC4FE /* 27-080500_146.jpg in Resources */,
				A2F76DEE1A134965000EC4FE /* f3d3572c11dfa9ecb7b6891560d0f703918fc11c.jpg in Resources */,
				A2FD333C1A1335FD009B63FB /* LaunchScreen.xib in Resources */,
				A2FD33391A1335FD009B63FB /* Images.xcassets in Resources */,
				A2F76DE81A133F19000EC4FE /* touxiang.jpg in Resources */,
			);
			runOnlyForDeploymentPostprocessing = 0;
		};
		A2FD333F1A1335FD009B63FB /* Resources */ = {
			isa = PBXResourcesBuildPhase;
			buildActionMask = 2147483647;
			files = (
			);
			runOnlyForDeploymentPostprocessing = 0;
		};
/* End PBXResourcesBuildPhase section */

/* Begin PBXSourcesBuildPhase section */
		A2FD33241A1335FD009B63FB /* Sources */ = {
			isa = PBXSourcesBuildPhase;
			buildActionMask = 2147483647;
			files = (
				A2FD33341A1335FD009B63FB /* ViewController.m in Sources */,
				A2F76DFF1A135F4E000EC4FE /* ScreenShot.m in Sources */,
				A2FD33311A1335FD009B63FB /* AppDelegate.m in Sources */,
				A2FD332E1A1335FD009B63FB /* main.m in Sources */,
				A2F76E001A135F4E000EC4FE /* UIImage+BlurGlass.m in Sources */,
			);
			runOnlyForDeploymentPostprocessing = 0;
		};
		A2FD333D1A1335FD009B63FB /* Sources */ = {
			isa = PBXSourcesBuildPhase;
			buildActionMask = 2147483647;
			files = (
				A2FD33481A1335FD009B63FB /* _____Tests.m in Sources */,
			);
			runOnlyForDeploymentPostprocessing = 0;
		};
/* End PBXSourcesBuildPhase section */

/* Begin PBXTargetDependency section */
		A2FD33431A1335FD009B63FB /* PBXTargetDependency */ = {
			isa = PBXTargetDependency;
			target = A2FD33271A1335FD009B63FB /* 弹出登陆框 */;
			targetProxy = A2FD33421A1335FD009B63FB /* PBXContainerItemProxy */;
		};
/* End PBXTargetDependency section */

/* Begin PBXVariantGroup section */
		A2FD33351A1335FD009B63FB /* Main.storyboard */ = {
			isa = PBXVariantGroup;
			children = (
				A2FD33361A1335FD009B63FB /* Base */,
			);
			name = Main.storyboard;
			sourceTree = "<group>";
		};
		A2FD333A1A1335FD009B63FB /* LaunchScreen.xib */ = {
			isa = PBXVariantGroup;
			children = (
				A2FD333B1A1335FD009B63FB /* Base */,
			);
			name = LaunchScreen.xib;
			sourceTree = "<group>";
		};
/* End PBXVariantGroup section */

/* Begin XCBuildConfiguration section */
		A2FD33491A1335FD009B63FB /* Debug */ = {
			isa = XCBuildConfiguration;
			buildSettings = {
				ALWAYS_SEARCH_USER_PATHS = NO;
				CLANG_CXX_LANGUAGE_STANDARD = "gnu++0x";
				CLANG_CXX_LIBRARY = "libc++";
				CLANG_ENABLE_MODULES = YES;
				CLANG_ENABLE_OBJC_ARC = YES;
				CLANG_WARN_BOOL_CONVERSION = YES;
				CLANG_WARN_CONSTANT_CONVERSION = YES;
				CLANG_WARN_DIRECT_OBJC_ISA_USAGE = YES_ERROR;
				CLANG_WARN_EMPTY_BODY = YES;
				CLANG_WARN_ENUM_CONVERSION = YES;
				CLANG_WARN_INT_CONVERSION = YES;
				CLANG_WARN_OBJC_ROOT_CLASS = YES_ERROR;
				CLANG_WARN_UNREACHABLE_CODE = YES;
				CLANG_WARN__DUPLICATE_METHOD_MATCH = YES;
				"CODE_SIGN_IDENTITY[sdk=iphoneos*]" = "iPhone Developer";
				COPY_PHASE_STRIP = NO;
				ENABLE_STRICT_OBJC_MSGSEND = YES;
				GCC_C_LANGUAGE_STANDARD = gnu99;
				GCC_DYNAMIC_NO_PIC = NO;
				GCC_OPTIMIZATION_LEVEL = 0;
				GCC_PREPROCESSOR_DEFINITIONS = (
					"DEBUG=1",
					"$(inherited)",
				);
				GCC_SYMBOLS_PRIVATE_EXTERN = NO;
				GCC_WARN_64_TO_32_BIT_CONVERSION = YES;
				GCC_WARN_ABOUT_RETURN_TYPE = YES_ERROR;
				GCC_WARN_UNDECLARED_SELECTOR = YES;
				GCC_WARN_UNINITIALIZED_AUTOS = YES_AGGRESSIVE;
				GCC_WARN_UNUSED_FUNCTION = YES;
				GCC_WARN_UNUSED_VARIABLE = YES;
				IPHONEOS_DEPLOYMENT_TARGET = 8.0;
				MTL_ENABLE_DEBUG_INFO = YES;
				ONLY_ACTIVE_ARCH = YES;
				SDKROOT = iphoneos;
				TARGETED_DEVICE_FAMILY = "1,2";
			};
			name = Debug;
		};
		A2FD334A1A1335FD009B63FB /* Release */ = {
			isa = XCBuildConfiguration;
			buildSettings = {
				ALWAYS_SEARCH_USER_PATHS = NO;
				CLANG_CXX_LANGUAGE_STANDARD = "gnu++0x";
				CLANG_CXX_LIBRARY = "libc++";
				CLANG_ENABLE_MODULES = YES;
				CLANG_ENABLE_OBJC_ARC = YES;
				CLANG_WARN_BOOL_CONVERSION = YES;
				CLANG_WARN_CONSTANT_CONVERSION = YES;
				CLANG_WARN_DIRECT_OBJC_ISA_USAGE = YES_ERROR;
				CLANG_WARN_EMPTY_BODY = YES;
				CLANG_WARN_ENUM_CONVERSION = YES;
				CLANG_WARN_INT_CONVERSION = YES;
				CLANG_WARN_OBJC_ROOT_CLASS = YES_ERROR;
				CLANG_WARN_UNREACHABLE_CODE = YES;
				CLANG_WARN__DUPLICATE_METHOD_MATCH = YES;
				"CODE_SIGN_IDENTITY[sdk=iphoneos*]" = "iPhone Developer";
				COPY_PHASE_STRIP = YES;
				ENABLE_NS_ASSERTIONS = NO;
				ENABLE_STRICT_OBJC_MSGSEND = YES;
				GCC_C_LANGUAGE_STANDARD = gnu99;
				GCC_WARN_64_TO_32_BIT_CONVERSION = YES;
				GCC_WARN_ABOUT_RETURN_TYPE = YES_ERROR;
				GCC_WARN_UNDECLARED_SELECTOR = YES;
				GCC_WARN_UNINITIALIZED_AUTOS = YES_AGGRESSIVE;
				GCC_WARN_UNUSED_FUNCTION = YES;
				GCC_WARN_UNUSED_VARIABLE = YES;
				IPHONEOS_DEPLOYMENT_TARGET = 8.0;
				MTL_ENABLE_DEBUG_INFO = NO;
				SDKROOT = iphoneos;
				TARGETED_DEVICE_FAMILY = "1,2";
				VALIDATE_PRODUCT = YES;
			};
			name = Release;
		};
		A2FD334C1A1335FD009B63FB /* Debug */ = {
			isa = XCBuildConfiguration;
			buildSettings = {
				ASSETCATALOG_COMPILER_APPICON_NAME = AppIcon;
				CODE_SIGN_IDENTITY = "iPhone Developer: Wei Feng Hou (XMKC3B6GWZ)";
				INFOPLIST_FILE = "弹出登陆框/Info.plist";
				LD_RUNPATH_SEARCH_PATHS = "$(inherited) @executable_path/Frameworks";
				PRODUCT_NAME = "$(TARGET_NAME)";
				PROVISIONING_PROFILE = "cc695fcd-f6a6-4fb7-8f80-d28b22759cf5";
			};
			name = Debug;
		};
		A2FD334D1A1335FD009B63FB /* Release */ = {
			isa = XCBuildConfiguration;
			buildSettings = {
				ASSETCATALOG_COMPILER_APPICON_NAME = AppIcon;
				CODE_SIGN_IDENTITY = "iPhone Developer: Wei Feng Hou (XMKC3B6GWZ)";
				INFOPLIST_FILE = "弹出登陆框/Info.plist";
				LD_RUNPATH_SEARCH_PATHS = "$(inherited) @executable_path/Frameworks";
				PRODUCT_NAME = "$(TARGET_NAME)";
				PROVISIONING_PROFILE = "cc695fcd-f6a6-4fb7-8f80-d28b22759cf5";
			};
			name = Release;
		};
		A2FD334F1A1335FD009B63FB /* Debug */ = {
			isa = XCBuildConfiguration;
			buildSettings = {
				BUNDLE_LOADER = "$(TEST_HOST)";
				FRAMEWORK_SEARCH_PATHS = (
					"$(SDKROOT)/Developer/Library/Frameworks",
					"$(inherited)",
				);
				GCC_PREPROCESSOR_DEFINITIONS = (
					"DEBUG=1",
					"$(inherited)",
				);
				INFOPLIST_FILE = "弹出登陆框Tests/Info.plist";
				LD_RUNPATH_SEARCH_PATHS = "$(inherited) @executable_path/Frameworks @loader_path/Frameworks";
				PRODUCT_NAME = "$(TARGET_NAME)";
				TEST_HOST = "$(BUILT_PRODUCTS_DIR)/弹出登陆框.app/弹出登陆框";
			};
			name = Debug;
		};
		A2FD33501A1335FD009B63FB /* Release */ = {
			isa = XCBuildConfiguration;
			buildSettings = {
				BUNDLE_LOADER = "$(TEST_HOST)";
				FRAMEWORK_SEARCH_PATHS = (
					"$(SDKROOT)/Developer/Library/Frameworks",
					"$(inherited)",
				);
				INFOPLIST_FILE = "弹出登陆框Tests/Info.plist";
				LD_RUNPATH_SEARCH_PATHS = "$(inherited) @executable_path/Frameworks @loader_path/Frameworks";
				PRODUCT_NAME = "$(TARGET_NAME)";
				TEST_HOST = "$(BUILT_PRODUCTS_DIR)/弹出登陆框.app/弹出登陆框";
			};
			name = Release;
		};
/* End XCBuildConfiguration section */

/* Begin XCConfigurationList section */
		A2FD33231A1335FD009B63FB /* Build configuration list for PBXProject "弹出登陆框" */ = {
			isa = XCConfigurationList;
			buildConfigurations = (
				A2FD33491A1335FD009B63FB /* Debug */,
				A2FD334A1A1335FD009B63FB /* Release */,
			);
			defaultConfigurationIsVisible = 0;
			defaultConfigurationName = Release;
		};
		A2FD334B1A1335FD009B63FB /* Build configuration list for PBXNativeTarget "弹出登陆框" */ = {
			isa = XCConfigurationList;
			buildConfigurations = (
				A2FD334C1A1335FD009B63FB /* Debug */,
				A2FD334D1A1335FD009B63FB /* Release */,
			);
			defaultConfigurationIsVisible = 0;
			defaultConfigurationName = Release;
		};
		A2FD334E1A1335FD009B63FB /* Build configuration list for PBXNativeTarget "弹出登陆框Tests" */ = {
			isa = XCConfigurationList;
			buildConfigurations = (
				A2FD334F1A1335FD009B63FB /* Debug */,
				A2FD33501A1335FD009B63FB /* Release */,
			);
			defaultConfigurationIsVisible = 0;
			defaultConfigurationName = Release;
		};
/* End XCConfigurationList section */
	};
	rootObject = A2FD33201A1335FD009B63FB /* Project object */;
}
